
Microsoft Visual Studio Solution File, Format Version 12.00
# Visual Studio Version 16
VisualStudioVersion = 16.0.30413.136
MinimumVisualStudioVersion = 10.0.40219.1
Project("{FAE04EC0-301F-11D3-BF4B-00C04F79EFBC}") = "ASPNETCore_WebApplication1", "ASPNETCore_WebApplication1.csproj", "{EA6843D7-8BFC-4BD5-A06E-830BCF6ABA77}"
EndProject
Global
	GlobalSection(SolutionConfigurationPlatforms) = preSolution
		Debug|Any CPU = Debug|Any CPU
		Release|Any CPU = Release|Any CPU
	EndGlobalSection
	GlobalSection(ProjectConfigurationPlatforms) = postSolution
		{EA6843D7-8BFC-4BD5-A06E-830BCF6ABA77}.Debug|Any CPU.ActiveCfg = Debug|Any CPU
		{EA6843D7-8BFC-4BD5-A06E-830BCF6ABA77}.Debug|Any CPU.Build.0 = Debug|Any CPU
		{EA6843D7-8BFC-4BD5-A06E-830BCF6ABA77}.Release|Any CPU.ActiveCfg = Release|Any CPU
		{EA6843D7-8BFC-4BD5-A06E-830BCF6ABA77}.Release|Any CPU.Build.0 = Release|Any CPU
	EndGlobalSection
	GlobalSection(SolutionProperties) = preSolution
		HideSolutionNode = FALSE
	EndGlobalSection
	GlobalSection(ExtensibilityGlobals) = postSolution
		SolutionGuid = {27218512-48E1-40CC-9B19-8CFCE5F56214}
	EndGlobalSection
EndGlobal
